
Microsoft Visual Studio Solution File, Format Version 12.00
# Visual Studio Version 17
VisualStudioVersion = 17.4.33110.190
MinimumVisualStudioVersion = 10.0.40219.1
Project("{FAE04EC0-301F-11D3-BF4B-00C04F79EFBC}") = "MathGame", "MathGame\MathGame.csproj", "{D8B475B6-4A57-4AF3-9931-11DB25825F29}"
EndProject
Global
	GlobalSection(SolutionConfigurationPlatforms) = preSolution
		Debug|Any CPU = Debug|Any CPU
		Release|Any CPU = Release|Any CPU
	EndGlobalSection
	GlobalSection(ProjectConfigurationPlatforms) = postSolution
		{D8B475B6-4A57-4AF3-9931-11DB25825F29}.Debug|Any CPU.ActiveCfg = Debug|Any CPU
		{D8B475B6-4A57-4AF3-9931-11DB25825F29}.Debug|Any CPU.Build.0 = Debug|Any CPU
		{D8B475B6-4A57-4AF3-9931-11DB25825F29}.Release|Any CPU.ActiveCfg = Release|Any CPU
		{D8B475B6-4A57-4AF3-9931-11DB25825F29}.Release|Any CPU.Build.0 = Release|Any CPU
	EndGlobalSection
	GlobalSection(SolutionProperties) = preSolution
		HideSolutionNode = FALSE
	EndGlobalSection
	GlobalSection(ExtensibilityGlobals) = postSolution
		SolutionGuid = {E788E8E6-A0DD-4CFF-A637-8652AA552F2D}
	EndGlobalSection
EndGlobal
